<?xml version="1.0" encoding="utf-8"?>
<Project ToolsVersion="4.0" xmlns="http://schemas.microsoft.com/developer/msbuild/2003">
  <ItemGroup>
    <Filter Include="Source Files">
      <UniqueIdentifier>{4FC737F1-C7A5-4376-A066-2A32D752A2FF}</UniqueIdentifier>
      <Extensions>cpp;c;cc;cxx;def;odl;idl;hpj;bat;asm;asmx</Extensions>
    </Filter>
    <Filter Include="Header Files">
      <UniqueIdentifier>{93995380-89BD-4b04-88EB-625FBE52EBFB}</UniqueIdentifier>
      <Extensions>h;hh;hpp;hxx;hm;inl;inc;xsd</Extensions>
    </Filter>
    <Filter Include="Resource Files">
      <UniqueIdentifier>{67DA6AB6-F800-4c08-8B7A-83BB121AAD01}</UniqueIdentifier>
      <Extensions>rc;ico;cur;bmp;dlg;rc2;rct;bin;rgs;gif;jpg;jpeg;jpe;resx;tiff;tif;png;wav;mfcribbon-ms</Extensions>
    </Filter>
    <Filter Include="Header Files\base">
      <UniqueIdentifier>{e627f13b-bcb2-455f-80c0-f0791b3d31ed}</UniqueIdentifier>
    </Filter>
    <Filter Include="Source Files\base">
      <UniqueIdentifier>{10f050ec-d794-4c86-aee3-750abc87461d}</UniqueIdentifier>
    </Filter>
    <Filter Include="Header Files\indicator">
      <UniqueIdentifier>{e7446a62-4453-4f64-b7d2-b3ab1f1367f4}</UniqueIdentifier>
    </Filter>
    <Filter Include="Source Files\test">
      <UniqueIdentifier>{60f41456-579c-495b-b402-f9a529af59ae}</UniqueIdentifier>
    </Filter>
    <Filter Include="Header Files\test">
      <UniqueIdentifier>{e4306b41-3f09-4c9f-b6f2-2424ed5d9291}</UniqueIdentifier>
    </Filter>
  </ItemGroup>
  <ItemGroup>
    <ClInclude Include="TA_Lib.h">
      <Filter>Header Files</Filter>
    </ClInclude>
    <ClInclude Include="TA_Out.h">
      <Filter>Header Files</Filter>
    </ClInclude>
    <ClInclude Include="TA_Param.h">
      <Filter>Header Files</Filter>
    </ClInclude>
    <ClInclude Include="TA_Abstract_Param.h">
      <Filter>Header Files</Filter>
    </ClInclude>
    <ClInclude Include="base\TA_Exception.h">
      <Filter>Header Files\base</Filter>
    </ClInclude>
    <ClInclude Include="indicator\TA_DX.h">
      <Filter>Header Files\indicator</Filter>
    </ClInclude>
    <ClInclude Include="indicator\TA_LINEARREG.h">
      <Filter>Header Files\indicator</Filter>
    </ClInclude>
    <ClInclude Include="indicator\TA_MA.h">
      <Filter>Header Files\indicator</Filter>
    </ClInclude>
    <ClInclude Include="indicator\TA_MACD.h">
      <Filter>Header Files\indicator</Filter>
    </ClInclude>
    <ClInclude Include="base\TA_Util.h">
      <Filter>Header Files\base</Filter>
    </ClInclude>
    <ClInclude Include="test\TA_Test.h">
      <Filter>Header Files\test</Filter>
    </ClInclude>
  </ItemGroup>
  <ItemGroup>
    <ClCompile Include="TA_Lib.cpp">
      <Filter>Source Files</Filter>
    </ClCompile>
    <ClCompile Include="base\TA_Exception.cpp">
      <Filter>Source Files\base</Filter>
    </ClCompile>
    <ClCompile Include="TA_Abstract_Param.cpp">
      <Filter>Source Files</Filter>
    </ClCompile>
    <ClCompile Include="test\TA_Test.cpp">
      <Filter>Source Files\test</Filter>
    </ClCompile>
  </ItemGroup>
  <ItemGroup>
    <None Include="TA_Lib.inl">
      <Filter>Source Files</Filter>
    </None>
  </ItemGroup>
</Project>